
Microsoft Visual Studio Solution File, Format Version 12.00
# Visual Studio 15
VisualStudioVersion = 15.0.27703.2035
MinimumVisualStudioVersion = 10.0.40219.1
Project("{FAE04EC0-301F-11D3-BF4B-00C04F79EFBC}") = "BLL", "BLL\BLL.csproj", "{C667834E-5D37-469C-823C-420D164D56DE}"
EndProject
Project("{FAE04EC0-301F-11D3-BF4B-00C04F79EFBC}") = "DAL", "DAL\DAL.csproj", "{BF12D240-00AF-48A7-A05A-BAEC51594586}"
EndProject
Project("{FAE04EC0-301F-11D3-BF4B-00C04F79EFBC}") = "Web_API", "Web_API\Web_API.csproj", "{CEDCCFF1-B71F-4989-86CD-8457CE0B869C}"
EndProject
Project("{FAE04EC0-301F-11D3-BF4B-00C04F79EFBC}") = "WebAPI", "WebAPI\WebAPI.csproj", "{C573C22B-F89C-42DB-A8EE-DBF2847A4F57}"
EndProject
Project("{FAE04EC0-301F-11D3-BF4B-00C04F79EFBC}") = "WebAPI.Tests", "WebAPI.Tests\WebAPI.Tests.csproj", "{FE857941-F6D2-4D5C-A526-91858D529AF3}"
EndProject
Global
	GlobalSection(SolutionConfigurationPlatforms) = preSolution
		Debug|Any CPU = Debug|Any CPU
		Release|Any CPU = Release|Any CPU
	EndGlobalSection
	GlobalSection(ProjectConfigurationPlatforms) = postSolution
		{C667834E-5D37-469C-823C-420D164D56DE}.Debug|Any CPU.ActiveCfg = Debug|Any CPU
		{C667834E-5D37-469C-823C-420D164D56DE}.Debug|Any CPU.Build.0 = Debug|Any CPU
		{C667834E-5D37-469C-823C-420D164D56DE}.Release|Any CPU.ActiveCfg = Release|Any CPU
		{C667834E-5D37-469C-823C-420D164D56DE}.Release|Any CPU.Build.0 = Release|Any CPU
		{BF12D240-00AF-48A7-A05A-BAEC51594586}.Debug|Any CPU.ActiveCfg = Debug|Any CPU
		{BF12D240-00AF-48A7-A05A-BAEC51594586}.Debug|Any CPU.Build.0 = Debug|Any CPU
		{BF12D240-00AF-48A7-A05A-BAEC51594586}.Release|Any CPU.ActiveCfg = Release|Any CPU
		{BF12D240-00AF-48A7-A05A-BAEC51594586}.Release|Any CPU.Build.0 = Release|Any CPU
		{CEDCCFF1-B71F-4989-86CD-8457CE0B869C}.Debug|Any CPU.ActiveCfg = Debug|Any CPU
		{CEDCCFF1-B71F-4989-86CD-8457CE0B869C}.Debug|Any CPU.Build.0 = Debug|Any CPU
		{CEDCCFF1-B71F-4989-86CD-8457CE0B869C}.Release|Any CPU.ActiveCfg = Release|Any CPU
		{CEDCCFF1-B71F-4989-86CD-8457CE0B869C}.Release|Any CPU.Build.0 = Release|Any CPU
		{C573C22B-F89C-42DB-A8EE-DBF2847A4F57}.Debug|Any CPU.ActiveCfg = Debug|Any CPU
		{C573C22B-F89C-42DB-A8EE-DBF2847A4F57}.Debug|Any CPU.Build.0 = Debug|Any CPU
		{C573C22B-F89C-42DB-A8EE-DBF2847A4F57}.Release|Any CPU.ActiveCfg = Release|Any CPU
		{C573C22B-F89C-42DB-A8EE-DBF2847A4F57}.Release|Any CPU.Build.0 = Release|Any CPU
		{FE857941-F6D2-4D5C-A526-91858D529AF3}.Debug|Any CPU.ActiveCfg = Debug|Any CPU
		{FE857941-F6D2-4D5C-A526-91858D529AF3}.Debug|Any CPU.Build.0 = Debug|Any CPU
		{FE857941-F6D2-4D5C-A526-91858D529AF3}.Release|Any CPU.ActiveCfg = Release|Any CPU
		{FE857941-F6D2-4D5C-A526-91858D529AF3}.Release|Any CPU.Build.0 = Release|Any CPU
	EndGlobalSection
	GlobalSection(SolutionProperties) = preSolution
		HideSolutionNode = FALSE
	EndGlobalSection
	GlobalSection(ExtensibilityGlobals) = postSolution
		SolutionGuid = {08018550-4786-42F2-9B1D-010069C627E2}
	EndGlobalSection
EndGlobal
